{"1.1.0",
[{<<"base64url">>,{pkg,<<"base64url">>,<<"0.0.1">>},1},
 {<<"cowboy">>,{pkg,<<"cowboy">>,<<"2.2.1">>},0},
 {<<"cowlib">>,{pkg,<<"cowlib">>,<<"2.1.0">>},1},
 {<<"jsone">>,{pkg,<<"jsone">>,<<"1.4.5">>},0},
 {<<"jsx">>,{pkg,<<"jsx">>,<<"2.8.3">>},1},
 {<<"jwt">>,{pkg,<<"jwt">>,<<"0.1.5">>},0},
 {<<"pbkdf2">>,{pkg,<<"pbkdf2">>,<<"2.0.0">>},0},
 {<<"quickrand">>,{pkg,<<"quickrand">>,<<"1.7.2">>},1},
 {<<"ranch">>,{pkg,<<"ranch">>,<<"1.4.0">>},1},
 {<<"uuid">>,{pkg,<<"uuid_erl">>,<<"1.7.2">>},0}]}.
[
{pkg_hash,[
 {<<"base64url">>, <<"36A90125F5948E3AFD7BE97662A1504B934DD5DAC78451CA6E9ABF85A10286BE">>},
 {<<"cowboy">>, <<"43E9F86A22922A7512A7CA50B61E9F9F90519CC042B3C060861A6AEE7F323CC9">>},
 {<<"cowlib">>, <<"F73658B93DD043AF40400C3E4FD997068EBD0C617F8C8F4CD003A1A78EBF94F5">>},
 {<<"jsone">>, <<"547AEFEC1C67FE3283F77BAC4DAF85F3F593002764F768FAAA423875A51A2320">>},
 {<<"jsx">>, <<"A05252D381885240744D955FBE3CF810504EB2567164824E19303EA59EEF62CF">>},
 {<<"jwt">>, <<"1BC6224ED958976A2F1ACD238ED9D499ECD9BA4B97178946AABE5E86E39B6728">>},
 {<<"pbkdf2">>, <<"11C23279FDED5C0027AB3996CFAE77805521D7EF4BABDE2BD7EC04A9086CF499">>},
 {<<"quickrand">>, <<"E856F3C69FEC00D1ACCA8E56CB452B650E838D3A9720811410F439121EFAFE59">>},
 {<<"ranch">>, <<"10272F95DA79340FA7E8774BA7930B901713D272905D0012B06CA6D994F8826B">>},
 {<<"uuid">>, <<"D596C8DD01A4AE48B9D8D51832CCC8F8302BF67ACD01336AEC3FCFAE6B9D2BC2">>}]}
].
